
Microsoft Visual Studio Solution File, Format Version 12.00
# Visual Studio Version 16
VisualStudioVersion = 16.0.31515.178
MinimumVisualStudioVersion = 10.0.40219.1
Project("{FAE04EC0-301F-11D3-BF4B-00C04F79EFBC}") = "TimeToCoffee", "TimeToCoffee\TimeToCoffee.csproj", "{4C3FC877-0D94-4137-88AE-FC5DB7FAD488}"
EndProject
Global
	GlobalSection(SolutionConfigurationPlatforms) = preSolution
		Debug|Any CPU = Debug|Any CPU
		Release|Any CPU = Release|Any CPU
	EndGlobalSection
	GlobalSection(ProjectConfigurationPlatforms) = postSolution
		{4C3FC877-0D94-4137-88AE-FC5DB7FAD488}.Debug|Any CPU.ActiveCfg = Debug|Any CPU
		{4C3FC877-0D94-4137-88AE-FC5DB7FAD488}.Debug|Any CPU.Build.0 = Debug|Any CPU
		{4C3FC877-0D94-4137-88AE-FC5DB7FAD488}.Release|Any CPU.ActiveCfg = Release|Any CPU
		{4C3FC877-0D94-4137-88AE-FC5DB7FAD488}.Release|Any CPU.Build.0 = Release|Any CPU
	EndGlobalSection
	GlobalSection(SolutionProperties) = preSolution
		HideSolutionNode = FALSE
	EndGlobalSection
	GlobalSection(ExtensibilityGlobals) = postSolution
		SolutionGuid = {C8A38095-48C0-48EE-8937-DDBF2313E6FB}
	EndGlobalSection
EndGlobal
